PODS:
  - AFNetworking (3.1.0):
    - AFNetworking/NSURLSession (= 3.1.0)
    - AFNetworking/Reachability (= 3.1.0)
    - AFNetworking/Security (= 3.1.0)
    - AFNetworking/Serialization (= 3.1.0)
    - AFNetworking/UIKit (= 3.1.0)
  - AFNetworking/NSURLSession (3.1.0):
    - AFNetworking/Reachability
    - AFNetworking/Security
    - AFNetworking/Serialization
  - AFNetworking/Reachability (3.1.0)
  - AFNetworking/Security (3.1.0)
  - AFNetworking/Serialization (3.1.0)
  - AFNetworking/UIKit (3.1.0):
    - AFNetworking/NSURLSession
  - BaiduMapKit (3.2)
  - FMDB (2.6.2):
    - FMDB/standard (= 2.6.2)
  - FMDB/standard (2.6.2)
  - IQKeyboardManager (4.0.8)
  - MBProgressHUD (1.0.0)
  - PYSearch (0.5.0)

DEPENDENCIES:
  - AFNetworking (~> 3.1.0)
  - BaiduMapKit
  - FMDB (~> 2.6.2)
  - IQKeyboardManager (~> 4.0.8)
  - MBProgressHUD (~> 1.0.0)
  - PYSearch

SPEC CHECKSUMS:
  AFNetworking: 5e0e199f73d8626b11e79750991f5d173d1f8b67
  BaiduMapKit: c23aee47be89b2b939a92acfd06627114e897662
  FMDB: 854a0341b4726e53276f2a8996f06f1b80f9259a
  IQKeyboardManager: 1a8189fa153bf09044355ee0ad36826f6767e7f7
  MBProgressHUD: 4890f671c94e8a0f3cf959aa731e9de2f036d71a
  PYSearch: 6b228b461b240d0354cca57d3de3dcf3a4297005

PODFILE CHECKSUM: 3c00e505a936ac36494566ac2b41e25d73a8b0da

COCOAPODS: 1.0.1
